
Microsoft Visual Studio Solution File, Format Version 12.00
# Visual Studio 15
VisualStudioVersion = 15.0.27004.2010
MinimumVisualStudioVersion = 10.0.40219.1
Project("{8BC9CEB8-8B4A-11D0-8D11-00A0C91BC942}") = "Main_Nick", "Main_Nick\Main_Nick.vcxproj", "{A9FBC2A9-1ECE-43F3-AB9B-1F91C5998355}"
EndProject
Global
	GlobalSection(SolutionConfigurationPlatforms) = preSolution
		Debug|x64 = Debug|x64
		Debug|x86 = Debug|x86
		Release|x64 = Release|x64
		Release|x86 = Release|x86
	EndGlobalSection
	GlobalSection(ProjectConfigurationPlatforms) = postSolution
		{A9FBC2A9-1ECE-43F3-AB9B-1F91C5998355}.Debug|x64.ActiveCfg = Debug|x64
		{A9FBC2A9-1ECE-43F3-AB9B-1F91C5998355}.Debug|x64.Build.0 = Debug|x64
		{A9FBC2A9-1ECE-43F3-AB9B-1F91C5998355}.Debug|x86.ActiveCfg = Debug|Win32
		{A9FBC2A9-1ECE-43F3-AB9B-1F91C5998355}.Debug|x86.Build.0 = Debug|Win32
		{A9FBC2A9-1ECE-43F3-AB9B-1F91C5998355}.Release|x64.ActiveCfg = Release|x64
		{A9FBC2A9-1ECE-43F3-AB9B-1F91C5998355}.Release|x64.Build.0 = Release|x64
		{A9FBC2A9-1ECE-43F3-AB9B-1F91C5998355}.Release|x86.ActiveCfg = Release|Win32
		{A9FBC2A9-1ECE-43F3-AB9B-1F91C5998355}.Release|x86.Build.0 = Release|Win32
	EndGlobalSection
	GlobalSection(SolutionProperties) = preSolution
		HideSolutionNode = FALSE
	EndGlobalSection
	GlobalSection(ExtensibilityGlobals) = postSolution
		SolutionGuid = {198D4245-72F4-4955-BADD-79B71857073D}
	EndGlobalSection
EndGlobal
